{
  "name": "dmv-wso-records",
  "version": "1.0.0",
  "lockfileVersion": 3,
  "requires": true,
  "packages": {
    "": {
      "name": "dmv-wso-records",
      "version": "1.0.0",
      "license": "ISC",
      "devDependencies": {
        "csv-parse": "^5.5.5",
        "csv-stringify": "^6.4.6"
      }
    },
    "node_modules/csv-parse": {
      "version": "5.5.5",
      "resolved": "https://registry.npmjs.org/csv-parse/-/csv-parse-5.5.5.tgz",
      "integrity": "sha512-erCk7tyU3yLWAhk6wvKxnyPtftuy/6Ak622gOO7BCJ05+TYffnPCJF905wmOQm+BpkX54OdAl8pveJwUdpnCXQ==",
      "dev": true
    },
    "node_modules/csv-stringify": {
      "version": "6.4.6",
      "resolved": "https://registry.npmjs.org/csv-stringify/-/csv-stringify-6.4.6.tgz",
      "integrity": "sha512-h2V2XZ3uOTLilF5dPIptgUfN/o2ia/80Ie0Lly18LAnw5s8Eb7kt8rfxSUy24AztJZas9f6DPZpVlzDUtFt/ag==",
      "dev": true
    }
  }
}
